
Microsoft Visual Studio Solution File, Format Version 12.00
# Visual Studio Version 17
VisualStudioVersion = 17.4.33205.214
MinimumVisualStudioVersion = 10.0.40219.1
Project("{FAE04EC0-301F-11D3-BF4B-00C04F79EFBC}") = "DevExtremeAspNetCoreApp2", "DevExtremeAspNetCoreApp2\DevExtremeAspNetCoreApp2.csproj", "{2D1E0D32-0EA3-44B6-9FA8-1749B89DC482}"
EndProject
Project("{2150E333-8FDC-42A3-9474-1A3956D46DE8}") = "DevExtreme NuGet.config", "DevExtreme NuGet.config", "{4CD75C3D-A782-4B26-AC30-40469EDD2459}"
	ProjectSection(SolutionItems) = preProject
		NuGet.config = NuGet.config
	EndProjectSection
EndProject
Global
	GlobalSection(SolutionConfigurationPlatforms) = preSolution
		Debug|Any CPU = Debug|Any CPU
		Release|Any CPU = Release|Any CPU
	EndGlobalSection
	GlobalSection(ProjectConfigurationPlatforms) = postSolution
		{2D1E0D32-0EA3-44B6-9FA8-1749B89DC482}.Debug|Any CPU.ActiveCfg = Debug|Any CPU
		{2D1E0D32-0EA3-44B6-9FA8-1749B89DC482}.Debug|Any CPU.Build.0 = Debug|Any CPU
		{2D1E0D32-0EA3-44B6-9FA8-1749B89DC482}.Release|Any CPU.ActiveCfg = Release|Any CPU
		{2D1E0D32-0EA3-44B6-9FA8-1749B89DC482}.Release|Any CPU.Build.0 = Release|Any CPU
	EndGlobalSection
	GlobalSection(SolutionProperties) = preSolution
		HideSolutionNode = FALSE
	EndGlobalSection
	GlobalSection(ExtensibilityGlobals) = postSolution
		SolutionGuid = {13B8CE6E-3A7B-442C-984C-2305525518BC}
	EndGlobalSection
EndGlobal
